// !$*UTF8*$!
{
	archiveVersion = 1;
	classes = {
	};
	objectVersion = 46;
	objects = {

/* Begin PBXBuildFile section */
		BAFB76691E35F0D2005170DB /* AppDelegate.swift in Sources */ = {isa = PBXBuildFile; fileRef = BAFB76681E35F0D2005170DB /* AppDelegate.swift */; };
		BAFB766B1E35F0D2005170DB /* ViewController.swift in Sources */ = {isa = PBXBuildFile; fileRef = BAFB766A1E35F0D2005170DB /* ViewController.swift */; };
		BAFB766E1E35F0D2005170DB /* Main.storyboard in Resources */ = {isa = PBXBuildFile; fileRef = BAFB766C1E35F0D2005170DB /* Main.storyboard */; };
		BAFB76701E35F0D2005170DB /* Assets.xcassets in Resources */ = {isa = PBXBuildFile; fileRef = BAFB766F1E35F0D2005170DB /* Assets.xcassets */; };
		BAFB76731E35F0D2005170DB /* LaunchScreen.storyboard in Resources */ = {isa = PBXBuildFile; fileRef = BAFB76711E35F0D2005170DB /* LaunchScreen.storyboard */; };
		BAFB767E1E35F116005170DB /* LetMeLoveYou.mp3 in Resources */ = {isa = PBXBuildFile; fileRef = BAFB767A1E35F116005170DB /* LetMeLoveYou.mp3 */; };
		BAFB767F1E35F116005170DB /* ISeeFire.mp3 in Resources */ = {isa = PBXBuildFile; fileRef = BAFB767B1E35F116005170DB /* ISeeFire.mp3 */; };
		BAFB76801E35F116005170DB /* ILikeBadHouseVersion.mp3 in Resources */ = {isa = PBXBuildFile; fileRef = BAFB767C1E35F116005170DB /* ILikeBadHouseVersion.mp3 */; };
		BAFB76811E35F116005170DB /* INeedLove.mp3 in Resources */ = {isa = PBXBuildFile; fileRef = BAFB767D1E35F116005170DB /* INeedLove.mp3 */; };
		BAFB76831E35F577005170DB /* girlcap.jpg in Resources */ = {isa = PBXBuildFile; fileRef = BAFB76821E35F577005170DB /* girlcap.jpg */; };
/* End PBXBuildFile section */

/* Begin PBXFileReference section */
		BAFB76651E35F0D2005170DB /* MusicShaker.app */ = {isa = PBXFileReference; explicitFileType = wrapper.application; includeInIndex = 0; path = MusicShaker.app; sourceTree = BUILT_PRODUCTS_DIR; };
		BAFB76681E35F0D2005170DB /* AppDelegate.swift */ = {isa = PBXFileReference; lastKnownFileType = sourcecode.swift; path = AppDelegate.swift; sourceTree = "<group>"; };
		BAFB766A1E35F0D2005170DB /* ViewController.swift */ = {isa = PBXFileReference; lastKnownFileType = sourcecode.swift; path = ViewController.swift; sourceTree = "<group>"; };
		BAFB766D1E35F0D2005170DB /* Base */ = {isa = PBXFileReference; lastKnownFileType = file.storyboard; name = Base; path = Base.lproj/Main.storyboard; sourceTree = "<group>"; };
		BAFB766F1E35F0D2005170DB /* Assets.xcassets */ = {isa = PBXFileReference; lastKnownFileType = folder.assetcatalog; path = Assets.xcassets; sourceTree = "<group>"; };
		BAFB76721E35F0D2005170DB /* Base */ = {isa = PBXFileReference; lastKnownFileType = file.storyboard; name = Base; path = Base.lproj/LaunchScreen.storyboard; sourceTree = "<group>"; };
		BAFB76741E35F0D2005170DB /* Info.plist */ = {isa = PBXFileReference; lastKnownFileType = text.plist.xml; path = Info.plist; sourceTree = "<group>"; };
		BAFB767A1E35F116005170DB /* LetMeLoveYou.mp3 */ = {isa = PBXFileReference; lastKnownFileType = audio.mp3; path = LetMeLoveYou.mp3; sourceTree = "<group>"; };
		BAFB767B1E35F116005170DB /* ISeeFire.mp3 */ = {isa = PBXFileReference; lastKnownFileType = audio.mp3; path = ISeeFire.mp3; sourceTree = "<group>"; };
		BAFB767C1E35F116005170DB /* ILikeBadHouseVersion.mp3 */ = {isa = PBXFileReference; lastKnownFileType = audio.mp3; path = ILikeBadHouseVersion.mp3; sourceTree = "<group>"; };
		BAFB767D1E35F116005170DB /* INeedLove.mp3 */ = {isa = PBXFileReference; lastKnownFileType = audio.mp3; path = INeedLove.mp3; sourceTree = "<group>"; };
		BAFB76821E35F577005170DB /* girlcap.jpg */ = {isa = PBXFileReference; lastKnownFileType = image.jpeg; path = girlcap.jpg; sourceTree = "<group>"; };
/* End PBXFileReference section */

/* Begin PBXFrameworksBuildPhase section */
		BAFB76621E35F0D2005170DB /* Frameworks */ = {
			isa = PBXFrameworksBuildPhase;
			buildActionMask = 2147483647;
			files = (
			);
			runOnlyForDeploymentPostprocessing = 0;
		};
/* End PBXFrameworksBuildPhase section */

/* Begin PBXGroup section */
		BAFB765C1E35F0D2005170DB = {
			isa = PBXGroup;
			children = (
				BAFB76671E35F0D2005170DB /* MusicShaker */,
				BAFB76661E35F0D2005170DB /* Products */,
			);
			sourceTree = "<group>";
		};
		BAFB76661E35F0D2005170DB /* Products */ = {
			isa = PBXGroup;
			children = (
				BAFB76651E35F0D2005170DB /* MusicShaker.app */,
			);
			name = Products;
			sourceTree = "<group>";
		};
		BAFB76671E35F0D2005170DB /* MusicShaker */ = {
			isa = PBXGroup;
			children = (
				BAFB76681E35F0D2005170DB /* AppDelegate.swift */,
				BAFB766A1E35F0D2005170DB /* ViewController.swift */,
				BAFB766C1E35F0D2005170DB /* Main.storyboard */,
				BAFB766F1E35F0D2005170DB /* Assets.xcassets */,
				BAFB76711E35F0D2005170DB /* LaunchScreen.storyboard */,
				BAFB76741E35F0D2005170DB /* Info.plist */,
				BAFB767A1E35F116005170DB /* LetMeLoveYou.mp3 */,
				BAFB767B1E35F116005170DB /* ISeeFire.mp3 */,
				BAFB767C1E35F116005170DB /* ILikeBadHouseVersion.mp3 */,
				BAFB767D1E35F116005170DB /* INeedLove.mp3 */,
				BAFB76821E35F577005170DB /* girlcap.jpg */,
			);
			path = MusicShaker;
			sourceTree = "<group>";
		};
/* End PBXGroup section */

/* Begin PBXNativeTarget section */
		BAFB76641E35F0D2005170DB /* MusicShaker */ = {
			isa = PBXNativeTarget;
			buildConfigurationList = BAFB76771E35F0D2005170DB /* Build configuration list for PBXNativeTarget "MusicShaker" */;
			buildPhases = (
				BAFB76611E35F0D2005170DB /* Sources */,
				BAFB76621E35F0D2005170DB /* Frameworks */,
				BAFB76631E35F0D2005170DB /* Resources */,
			);
			buildRules = (
			);
			dependencies = (
			);
			name = MusicShaker;
			productName = MusicShaker;
			productReference = BAFB76651E35F0D2005170DB /* MusicShaker.app */;
			productType = "com.apple.product-type.application";
		};
/* End PBXNativeTarget section */

/* Begin PBXProject section */
		BAFB765D1E35F0D2005170DB /* Project object */ = {
			isa = PBXProject;
			attributes = {
				LastSwiftUpdateCheck = 0820;
				LastUpgradeCheck = 0820;
				ORGANIZATIONNAME = kalikans;
				TargetAttributes = {
					BAFB76641E35F0D2005170DB = {
						CreatedOnToolsVersion = 8.2.1;
						ProvisioningStyle = Automatic;
					};
				};
			};
			buildConfigurationList = BAFB76601E35F0D2005170DB /* Build configuration list for PBXProject "MusicShaker" */;
			compatibilityVersion = "Xcode 3.2";
			developmentRegion = English;
			hasScannedForEncodings = 0;
			knownRegions = (
				en,
				Base,
			);
			mainGroup = BAFB765C1E35F0D2005170DB;
			productRefGroup = BAFB76661E35F0D2005170DB /* Products */;
			projectDirPath = "";
			projectRoot = "";
			targets = (
				BAFB76641E35F0D2005170DB /* MusicShaker */,
			);
		};
/* End PBXProject section */

/* Begin PBXResourcesBuildPhase section */
		BAFB76631E35F0D2005170DB /* Resources */ = {
			isa = PBXResourcesBuildPhase;
			buildActionMask = 2147483647;
			files = (
				BAFB76731E35F0D2005170DB /* LaunchScreen.storyboard in Resources */,
				BAFB76701E35F0D2005170DB /* Assets.xcassets in Resources */,
				BAFB767E1E35F116005170DB /* LetMeLoveYou.mp3 in Resources */,
				BAFB76801E35F116005170DB /* ILikeBadHouseVersion.mp3 in Resources */,
				BAFB76831E35F577005170DB /* girlcap.jpg in Resources */,
				BAFB767F1E35F116005170DB /* ISeeFire.mp3 in Resources */,
				BAFB76811E35F116005170DB /* INeedLove.mp3 in Resources */,
				BAFB766E1E35F0D2005170DB /* Main.storyboard in Resources */,
			);
			runOnlyForDeploymentPostprocessing = 0;
		};
/* End PBXResourcesBuildPhase section */

/* Begin PBXSourcesBuildPhase section */
		BAFB76611E35F0D2005170DB /* Sources */ = {
			isa = PBXSourcesBuildPhase;
			buildActionMask = 2147483647;
			files = (
				BAFB766B1E35F0D2005170DB /* ViewController.swift in Sources */,
				BAFB76691E35F0D2005170DB /* AppDelegate.swift in Sources */,
			);
			runOnlyForDeploymentPostprocessing = 0;
		};
/* End PBXSourcesBuildPhase section */

/* Begin PBXVariantGroup section */
		BAFB766C1E35F0D2005170DB /* Main.storyboard */ = {
			isa = PBXVariantGroup;
			children = (
				BAFB766D1E35F0D2005170DB /* Base */,
			);
			name = Main.storyboard;
			sourceTree = "<group>";
		};
		BAFB76711E35F0D2005170DB /* LaunchScreen.storyboard */ = {
			isa = PBXVariantGroup;
			children = (
				BAFB76721E35F0D2005170DB /* Base */,
			);
			name = LaunchScreen.storyboard;
			sourceTree = "<group>";
		};
/* End PBXVariantGroup section */

/* Begin XCBuildConfiguration section */
		BAFB76751E35F0D2005170DB /* Debug */ = {
			isa = XCBuildConfiguration;
			buildSettings = {
				ALWAYS_SEARCH_USER_PATHS = NO;
				CLANG_ANALYZER_NONNULL = YES;
				CLANG_CXX_LANGUAGE_STANDARD = "gnu++0x";
				CLANG_CXX_LIBRARY = "libc++";
				CLANG_ENABLE_MODULES = YES;
				CLANG_ENABLE_OBJC_ARC = YES;
				CLANG_WARN_BOOL_CONVERSION = YES;
				CLANG_WARN_CONSTANT_CONVERSION = YES;
				CLANG_WARN_DIRECT_OBJC_ISA_USAGE = YES_ERROR;
				CLANG_WARN_DOCUMENTATION_COMMENTS = YES;
				CLANG_WARN_EMPTY_BODY = YES;
				CLANG_WARN_ENUM_CONVERSION = YES;
				CLANG_WARN_INFINITE_RECURSION = YES;
				CLANG_WARN_INT_CONVERSION = YES;
				CLANG_WARN_OBJC_ROOT_CLASS = YES_ERROR;
				CLANG_WARN_SUSPICIOUS_MOVE = YES;
				CLANG_WARN_UNREACHABLE_CODE = YES;
				CLANG_WARN__DUPLICATE_METHOD_MATCH = YES;
				"CODE_SIGN_IDENTITY[sdk=iphoneos*]" = "iPhone Developer";
				COPY_PHASE_STRIP = NO;
				DEBUG_INFORMATION_FORMAT = dwarf;
				ENABLE_STRICT_OBJC_MSGSEND = YES;
				ENABLE_TESTABILITY = YES;
				GCC_C_LANGUAGE_STANDARD = gnu99;
				GCC_DYNAMIC_NO_PIC = NO;
				GCC_NO_COMMON_BLOCKS = YES;
				GCC_OPTIMIZATION_LEVEL = 0;
				GCC_PREPROCESSOR_DEFINITIONS = (
					"DEBUG=1",
					"$(inherited)",
				);
				GCC_WARN_64_TO_32_BIT_CONVERSION = YES;
				GCC_WARN_ABOUT_RETURN_TYPE = YES_ERROR;
				GCC_WARN_UNDECLARED_SELECTOR = YES;
				GCC_WARN_UNINITIALIZED_AUTOS = YES_AGGRESSIVE;
				GCC_WARN_UNUSED_FUNCTION = YES;
				GCC_WARN_UNUSED_VARIABLE = YES;
				IPHONEOS_DEPLOYMENT_TARGET = 10.2;
				MTL_ENABLE_DEBUG_INFO = YES;
				ONLY_ACTIVE_ARCH = YES;
				SDKROOT = iphoneos;
				SWIFT_ACTIVE_COMPILATION_CONDITIONS = DEBUG;
				SWIFT_OPTIMIZATION_LEVEL = "-Onone";
				TARGETED_DEVICE_FAMILY = "1,2";
			};
			name = Debug;
		};
		BAFB76761E35F0D2005170DB /* Release */ = {
			isa = XCBuildConfiguration;
			buildSettings = {
				ALWAYS_SEARCH_USER_PATHS = NO;
				CLANG_ANALYZER_NONNULL = YES;
				CLANG_CXX_LANGUAGE_STANDARD = "gnu++0x";
				CLANG_CXX_LIBRARY = "libc++";
				CLANG_ENABLE_MODULES = YES;
				CLANG_ENABLE_OBJC_ARC = YES;
				CLANG_WARN_BOOL_CONVERSION = YES;
				CLANG_WARN_CONSTANT_CONVERSION = YES;
				CLANG_WARN_DIRECT_OBJC_ISA_USAGE = YES_ERROR;
				CLANG_WARN_DOCUMENTATION_COMMENTS = YES;
				CLANG_WARN_EMPTY_BODY = YES;
				CLANG_WARN_ENUM_CONVERSION = YES;
				CLANG_WARN_INFINITE_RECURSION = YES;
				CLANG_WARN_INT_CONVERSION = YES;
				CLANG_WARN_OBJC_ROOT_CLASS = YES_ERROR;
				CLANG_WARN_SUSPICIOUS_MOVE = YES;
				CLANG_WARN_UNREACHABLE_CODE = YES;
				CLANG_WARN__DUPLICATE_METHOD_MATCH = YES;
				"CODE_SIGN_IDENTITY[sdk=iphoneos*]" = "iPhone Developer";
				COPY_PHASE_STRIP = NO;
				DEBUG_INFORMATION_FORMAT = "dwarf-with-dsym";
				ENABLE_NS_ASSERTIONS = NO;
				ENABLE_STRICT_OBJC_MSGSEND = YES;
				GCC_C_LANGUAGE_STANDARD = gnu99;
				GCC_NO_COMMON_BLOCKS = YES;
				GCC_WARN_64_TO_32_BIT_CONVERSION = YES;
				GCC_WARN_ABOUT_RETURN_TYPE = YES_ERROR;
				GCC_WARN_UNDECLARED_SELECTOR = YES;
				GCC_WARN_UNINITIALIZED_AUTOS = YES_AGGRESSIVE;
				GCC_WARN_UNUSED_FUNCTION = YES;
				GCC_WARN_UNUSED_VARIABLE = YES;
				IPHONEOS_DEPLOYMENT_TARGET = 10.2;
				MTL_ENABLE_DEBUG_INFO = NO;
				SDKROOT = iphoneos;
				SWIFT_OPTIMIZATION_LEVEL = "-Owholemodule";
				TARGETED_DEVICE_FAMILY = "1,2";
				VALIDATE_PRODUCT = YES;
			};
			name = Release;
		};
		BAFB76781E35F0D2005170DB /* Debug */ = {
			isa = XCBuildConfiguration;
			buildSettings = {
				ASSETCATALOG_COMPILER_APPICON_NAME = AppIcon;
				INFOPLIST_FILE = MusicShaker/Info.plist;
				LD_RUNPATH_SEARCH_PATHS = "$(inherited) @executable_path/Frameworks";
				PRODUCT_BUNDLE_IDENTIFIER = com.kalikans.MusicShaker;
				PRODUCT_NAME = "$(TARGET_NAME)";
				SWIFT_VERSION = 3.0;
			};
			name = Debug;
		};
		BAFB76791E35F0D2005170DB /* Release */ = {
			isa = XCBuildConfiguration;
			buildSettings = {
				ASSETCATALOG_COMPILER_APPICON_NAME = AppIcon;
				INFOPLIST_FILE = MusicShaker/Info.plist;
				LD_RUNPATH_SEARCH_PATHS = "$(inherited) @executable_path/Frameworks";
				PRODUCT_BUNDLE_IDENTIFIER = com.kalikans.MusicShaker;
				PRODUCT_NAME = "$(TARGET_NAME)";
				SWIFT_VERSION = 3.0;
			};
			name = Release;
		};
/* End XCBuildConfiguration section */

/* Begin XCConfigurationList section */
		BAFB76601E35F0D2005170DB /* Build configuration list for PBXProject "MusicShaker" */ = {
			isa = XCConfigurationList;
			buildConfigurations = (
				BAFB76751E35F0D2005170DB /* Debug */,
				BAFB76761E35F0D2005170DB /* Release */,
			);
			defaultConfigurationIsVisible = 0;
			defaultConfigurationName = Release;
		};
		BAFB76771E35F0D2005170DB /* Build configuration list for PBXNativeTarget "MusicShaker" */ = {
			isa = XCConfigurationList;
			buildConfigurations = (
				BAFB76781E35F0D2005170DB /* Debug */,
				BAFB76791E35F0D2005170DB /* Release */,
			);
			defaultConfigurationIsVisible = 0;
		};
/* End XCConfigurationList section */
	};
	rootObject = BAFB765D1E35F0D2005170DB /* Project object */;
}
